
Microsoft Visual Studio Solution File, Format Version 12.00
# Visual Studio Version 17
VisualStudioVersion = 17.7.34024.191
MinimumVisualStudioVersion = 10.0.40219.1
Project("{FAE04EC0-301F-11D3-BF4B-00C04F79EFBC}") = "WpfCalc", "WpfCalc.csproj", "{9C053ABF-FBD2-4281-8A48-9EA6E68DEE31}"
EndProject
Global
	GlobalSection(SolutionConfigurationPlatforms) = preSolution
		Debug|Any CPU = Debug|Any CPU
		Release|Any CPU = Release|Any CPU
	EndGlobalSection
	GlobalSection(ProjectConfigurationPlatforms) = postSolution
		{9C053ABF-FBD2-4281-8A48-9EA6E68DEE31}.Debug|Any CPU.ActiveCfg = Debug|Any CPU
		{9C053ABF-FBD2-4281-8A48-9EA6E68DEE31}.Debug|Any CPU.Build.0 = Debug|Any CPU
		{9C053ABF-FBD2-4281-8A48-9EA6E68DEE31}.Release|Any CPU.ActiveCfg = Release|Any CPU
		{9C053ABF-FBD2-4281-8A48-9EA6E68DEE31}.Release|Any CPU.Build.0 = Release|Any CPU
	EndGlobalSection
	GlobalSection(SolutionProperties) = preSolution
		HideSolutionNode = FALSE
	EndGlobalSection
	GlobalSection(ExtensibilityGlobals) = postSolution
		SolutionGuid = {CAAB3EDF-7A22-4211-A515-C106677A6BF2}
	EndGlobalSection
EndGlobal
