
Microsoft Visual Studio Solution File, Format Version 12.00
# Visual Studio Version 17
VisualStudioVersion = 17.8.34511.84
MinimumVisualStudioVersion = 10.0.40219.1
Project("{FAE04EC0-301F-11D3-BF4B-00C04F79EFBC}") = "WpfApp1", "WpfApp1\WpfApp1.csproj", "{B18F79E2-366F-478B-9412-883F8230C81A}"
EndProject
Global
	GlobalSection(SolutionConfigurationPlatforms) = preSolution
		Debug|Any CPU = Debug|Any CPU
		Release|Any CPU = Release|Any CPU
	EndGlobalSection
	GlobalSection(ProjectConfigurationPlatforms) = postSolution
		{B18F79E2-366F-478B-9412-883F8230C81A}.Debug|Any CPU.ActiveCfg = Debug|Any CPU
		{B18F79E2-366F-478B-9412-883F8230C81A}.Debug|Any CPU.Build.0 = Debug|Any CPU
		{B18F79E2-366F-478B-9412-883F8230C81A}.Release|Any CPU.ActiveCfg = Release|Any CPU
		{B18F79E2-366F-478B-9412-883F8230C81A}.Release|Any CPU.Build.0 = Release|Any CPU
	EndGlobalSection
	GlobalSection(SolutionProperties) = preSolution
		HideSolutionNode = FALSE
	EndGlobalSection
	GlobalSection(ExtensibilityGlobals) = postSolution
		SolutionGuid = {FC84DADF-73D8-42A8-9ACF-8BC5E6D9D696}
	EndGlobalSection
EndGlobal
