
Microsoft Visual Studio Solution File, Format Version 12.00
# Visual Studio Version 17
VisualStudioVersion = 17.7.34024.191
MinimumVisualStudioVersion = 10.0.40219.1
Project("{FAE04EC0-301F-11D3-BF4B-00C04F79EFBC}") = "WpfAppReg", "WpfAppReg\WpfAppReg.csproj", "{3297011B-A683-4221-9395-5A15FD0B100B}"
EndProject
Global
	GlobalSection(SolutionConfigurationPlatforms) = preSolution
		Debug|Any CPU = Debug|Any CPU
		Release|Any CPU = Release|Any CPU
	EndGlobalSection
	GlobalSection(ProjectConfigurationPlatforms) = postSolution
		{3297011B-A683-4221-9395-5A15FD0B100B}.Debug|Any CPU.ActiveCfg = Debug|Any CPU
		{3297011B-A683-4221-9395-5A15FD0B100B}.Debug|Any CPU.Build.0 = Debug|Any CPU
		{3297011B-A683-4221-9395-5A15FD0B100B}.Release|Any CPU.ActiveCfg = Release|Any CPU
		{3297011B-A683-4221-9395-5A15FD0B100B}.Release|Any CPU.Build.0 = Release|Any CPU
	EndGlobalSection
	GlobalSection(SolutionProperties) = preSolution
		HideSolutionNode = FALSE
	EndGlobalSection
	GlobalSection(ExtensibilityGlobals) = postSolution
		SolutionGuid = {D9E91B78-18D3-49BC-B0FF-1EB7610D7035}
	EndGlobalSection
EndGlobal
