
Microsoft Visual Studio Solution File, Format Version 12.00
# Visual Studio Version 17
VisualStudioVersion = 17.8.34408.163
MinimumVisualStudioVersion = 10.0.40219.1
Project("{FAE04EC0-301F-11D3-BF4B-00C04F79EFBC}") = "Calculator", "Calculator\Calculator.csproj", "{31CB5711-8B3F-40A4-A4E1-252ADC6B577D}"
EndProject
Global
	GlobalSection(SolutionConfigurationPlatforms) = preSolution
		Debug|Any CPU = Debug|Any CPU
		Release|Any CPU = Release|Any CPU
	EndGlobalSection
	GlobalSection(ProjectConfigurationPlatforms) = postSolution
		{31CB5711-8B3F-40A4-A4E1-252ADC6B577D}.Debug|Any CPU.ActiveCfg = Debug|Any CPU
		{31CB5711-8B3F-40A4-A4E1-252ADC6B577D}.Debug|Any CPU.Build.0 = Debug|Any CPU
		{31CB5711-8B3F-40A4-A4E1-252ADC6B577D}.Release|Any CPU.ActiveCfg = Release|Any CPU
		{31CB5711-8B3F-40A4-A4E1-252ADC6B577D}.Release|Any CPU.Build.0 = Release|Any CPU
	EndGlobalSection
	GlobalSection(SolutionProperties) = preSolution
		HideSolutionNode = FALSE
	EndGlobalSection
	GlobalSection(ExtensibilityGlobals) = postSolution
		SolutionGuid = {54CA77BC-ED0E-4413-AC2A-D0771610CF66}
	EndGlobalSection
EndGlobal
