
Microsoft Visual Studio Solution File, Format Version 12.00
# Visual Studio Version 17
VisualStudioVersion = 17.6.33815.320
MinimumVisualStudioVersion = 10.0.40219.1
Project("{FAE04EC0-301F-11D3-BF4B-00C04F79EFBC}") = "Calculator", "Calculator\Calculator.csproj", "{D47E116B-2B44-44FF-9729-0A1528CA6524}"
EndProject
Global
	GlobalSection(SolutionConfigurationPlatforms) = preSolution
		Debug|Any CPU = Debug|Any CPU
		Release|Any CPU = Release|Any CPU
	EndGlobalSection
	GlobalSection(ProjectConfigurationPlatforms) = postSolution
		{D47E116B-2B44-44FF-9729-0A1528CA6524}.Debug|Any CPU.ActiveCfg = Debug|Any CPU
		{D47E116B-2B44-44FF-9729-0A1528CA6524}.Debug|Any CPU.Build.0 = Debug|Any CPU
		{D47E116B-2B44-44FF-9729-0A1528CA6524}.Release|Any CPU.ActiveCfg = Release|Any CPU
		{D47E116B-2B44-44FF-9729-0A1528CA6524}.Release|Any CPU.Build.0 = Release|Any CPU
	EndGlobalSection
	GlobalSection(SolutionProperties) = preSolution
		HideSolutionNode = FALSE
	EndGlobalSection
	GlobalSection(ExtensibilityGlobals) = postSolution
		SolutionGuid = {4C51A8B4-09B4-4968-8D30-6B342C264DCA}
	EndGlobalSection
EndGlobal
