
Microsoft Visual Studio Solution File, Format Version 12.00
# Visual Studio Version 17
VisualStudioVersion = 17.7.34024.191
MinimumVisualStudioVersion = 10.0.40219.1
Project("{FAE04EC0-301F-11D3-BF4B-00C04F79EFBC}") = "WpfAppUsersInfo", "WpfAppUsersInfo.csproj", "{EA658ABE-744E-48AF-9A92-5A4771C3ADB3}"
EndProject
Global
	GlobalSection(SolutionConfigurationPlatforms) = preSolution
		Debug|Any CPU = Debug|Any CPU
		Release|Any CPU = Release|Any CPU
	EndGlobalSection
	GlobalSection(ProjectConfigurationPlatforms) = postSolution
		{EA658ABE-744E-48AF-9A92-5A4771C3ADB3}.Debug|Any CPU.ActiveCfg = Debug|Any CPU
		{EA658ABE-744E-48AF-9A92-5A4771C3ADB3}.Debug|Any CPU.Build.0 = Debug|Any CPU
		{EA658ABE-744E-48AF-9A92-5A4771C3ADB3}.Release|Any CPU.ActiveCfg = Release|Any CPU
		{EA658ABE-744E-48AF-9A92-5A4771C3ADB3}.Release|Any CPU.Build.0 = Release|Any CPU
	EndGlobalSection
	GlobalSection(SolutionProperties) = preSolution
		HideSolutionNode = FALSE
	EndGlobalSection
	GlobalSection(ExtensibilityGlobals) = postSolution
		SolutionGuid = {B10D9402-0687-4B49-9BAE-BBE5301CF6FC}
	EndGlobalSection
EndGlobal
