
Microsoft Visual Studio Solution File, Format Version 12.00
# Visual Studio Version 17
VisualStudioVersion = 17.7.34024.191
MinimumVisualStudioVersion = 10.0.40219.1
Project("{FAE04EC0-301F-11D3-BF4B-00C04F79EFBC}") = "WpfApp3", "WpfApp3.csproj", "{D90C25DA-19B2-4EFA-A924-5D8789BCC46C}"
EndProject
Global
	GlobalSection(SolutionConfigurationPlatforms) = preSolution
		Debug|Any CPU = Debug|Any CPU
		Release|Any CPU = Release|Any CPU
	EndGlobalSection
	GlobalSection(ProjectConfigurationPlatforms) = postSolution
		{D90C25DA-19B2-4EFA-A924-5D8789BCC46C}.Debug|Any CPU.ActiveCfg = Debug|Any CPU
		{D90C25DA-19B2-4EFA-A924-5D8789BCC46C}.Debug|Any CPU.Build.0 = Debug|Any CPU
		{D90C25DA-19B2-4EFA-A924-5D8789BCC46C}.Release|Any CPU.ActiveCfg = Release|Any CPU
		{D90C25DA-19B2-4EFA-A924-5D8789BCC46C}.Release|Any CPU.Build.0 = Release|Any CPU
	EndGlobalSection
	GlobalSection(SolutionProperties) = preSolution
		HideSolutionNode = FALSE
	EndGlobalSection
	GlobalSection(ExtensibilityGlobals) = postSolution
		SolutionGuid = {F0CE6BDE-D84F-4A00-93C0-3D9BDF37714C}
	EndGlobalSection
EndGlobal
