
Microsoft Visual Studio Solution File, Format Version 12.00
# Visual Studio Version 17
VisualStudioVersion = 17.6.33815.320
MinimumVisualStudioVersion = 10.0.40219.1
Project("{9A19103F-16F7-4668-BE54-9A1E7A4F7556}") = "WPFBase", "WPFBase.csproj", "{DE861CC6-B45E-4183-B48B-19A8B9A14F41}"
EndProject
Global
	GlobalSection(SolutionConfigurationPlatforms) = preSolution
		Debug|Any CPU = Debug|Any CPU
		Release|Any CPU = Release|Any CPU
	EndGlobalSection
	GlobalSection(ProjectConfigurationPlatforms) = postSolution
		{DE861CC6-B45E-4183-B48B-19A8B9A14F41}.Debug|Any CPU.ActiveCfg = Debug|Any CPU
		{DE861CC6-B45E-4183-B48B-19A8B9A14F41}.Debug|Any CPU.Build.0 = Debug|Any CPU
		{DE861CC6-B45E-4183-B48B-19A8B9A14F41}.Release|Any CPU.ActiveCfg = Release|Any CPU
		{DE861CC6-B45E-4183-B48B-19A8B9A14F41}.Release|Any CPU.Build.0 = Release|Any CPU
	EndGlobalSection
	GlobalSection(SolutionProperties) = preSolution
		HideSolutionNode = FALSE
	EndGlobalSection
	GlobalSection(ExtensibilityGlobals) = postSolution
		SolutionGuid = {06C83DE8-E366-46FE-9B84-F68BD9F6AE40}
	EndGlobalSection
EndGlobal
