
Microsoft Visual Studio Solution File, Format Version 12.00
# Visual Studio Version 17
VisualStudioVersion = 17.5.33424.131
MinimumVisualStudioVersion = 10.0.40219.1
Project("{FAE04EC0-301F-11D3-BF4B-00C04F79EFBC}") = "PrackicaYT", "PrackicaYT.csproj", "{4C0078C4-7576-4192-B6AE-237DA7B1C011}"
EndProject
Global
	GlobalSection(SolutionConfigurationPlatforms) = preSolution
		Debug|Any CPU = Debug|Any CPU
		Release|Any CPU = Release|Any CPU
	EndGlobalSection
	GlobalSection(ProjectConfigurationPlatforms) = postSolution
		{4C0078C4-7576-4192-B6AE-237DA7B1C011}.Debug|Any CPU.ActiveCfg = Debug|Any CPU
		{4C0078C4-7576-4192-B6AE-237DA7B1C011}.Debug|Any CPU.Build.0 = Debug|Any CPU
		{4C0078C4-7576-4192-B6AE-237DA7B1C011}.Release|Any CPU.ActiveCfg = Release|Any CPU
		{4C0078C4-7576-4192-B6AE-237DA7B1C011}.Release|Any CPU.Build.0 = Release|Any CPU
	EndGlobalSection
	GlobalSection(SolutionProperties) = preSolution
		HideSolutionNode = FALSE
	EndGlobalSection
	GlobalSection(ExtensibilityGlobals) = postSolution
		SolutionGuid = {70927122-4F14-41A9-9928-78F38F9725ED}
	EndGlobalSection
EndGlobal
