
Microsoft Visual Studio Solution File, Format Version 12.00
# Visual Studio Version 17
VisualStudioVersion = 17.7.34024.191
MinimumVisualStudioVersion = 10.0.40219.1
Project("{FAE04EC0-301F-11D3-BF4B-00C04F79EFBC}") = "regis", "regis\regis.csproj", "{3F0FAEFD-F426-4C52-B940-AEA7EF6755B3}"
EndProject
Global
	GlobalSection(SolutionConfigurationPlatforms) = preSolution
		Debug|Any CPU = Debug|Any CPU
		Release|Any CPU = Release|Any CPU
	EndGlobalSection
	GlobalSection(ProjectConfigurationPlatforms) = postSolution
		{3F0FAEFD-F426-4C52-B940-AEA7EF6755B3}.Debug|Any CPU.ActiveCfg = Debug|Any CPU
		{3F0FAEFD-F426-4C52-B940-AEA7EF6755B3}.Debug|Any CPU.Build.0 = Debug|Any CPU
		{3F0FAEFD-F426-4C52-B940-AEA7EF6755B3}.Release|Any CPU.ActiveCfg = Release|Any CPU
		{3F0FAEFD-F426-4C52-B940-AEA7EF6755B3}.Release|Any CPU.Build.0 = Release|Any CPU
	EndGlobalSection
	GlobalSection(SolutionProperties) = preSolution
		HideSolutionNode = FALSE
	EndGlobalSection
	GlobalSection(ExtensibilityGlobals) = postSolution
		SolutionGuid = {E9B73928-2704-4C45-956D-F700A113C474}
	EndGlobalSection
EndGlobal
