
Microsoft Visual Studio Solution File, Format Version 12.00
# Visual Studio Version 17
VisualStudioVersion = 17.7.34221.43
MinimumVisualStudioVersion = 10.0.40219.1
Project("{FAE04EC0-301F-11D3-BF4B-00C04F79EFBC}") = "WphRwgistration", "WphRwgistration.csproj", "{6B43FFC6-32C1-46CC-9557-4E7A3742E719}"
EndProject
Global
	GlobalSection(SolutionConfigurationPlatforms) = preSolution
		Debug|Any CPU = Debug|Any CPU
		Release|Any CPU = Release|Any CPU
	EndGlobalSection
	GlobalSection(ProjectConfigurationPlatforms) = postSolution
		{6B43FFC6-32C1-46CC-9557-4E7A3742E719}.Debug|Any CPU.ActiveCfg = Debug|Any CPU
		{6B43FFC6-32C1-46CC-9557-4E7A3742E719}.Debug|Any CPU.Build.0 = Debug|Any CPU
		{6B43FFC6-32C1-46CC-9557-4E7A3742E719}.Release|Any CPU.ActiveCfg = Release|Any CPU
		{6B43FFC6-32C1-46CC-9557-4E7A3742E719}.Release|Any CPU.Build.0 = Release|Any CPU
	EndGlobalSection
	GlobalSection(SolutionProperties) = preSolution
		HideSolutionNode = FALSE
	EndGlobalSection
	GlobalSection(ExtensibilityGlobals) = postSolution
		SolutionGuid = {DF470B41-0F78-421E-9138-C866FB513E40}
	EndGlobalSection
EndGlobal
